
Microsoft Visual Studio Solution File, Format Version 12.00
# Visual Studio Version 16
VisualStudioVersion = 16.0.29503.13
MinimumVisualStudioVersion = 10.0.40219.1
Project("{FAE04EC0-301F-11D3-BF4B-00C04F79EFBC}") = "SignalRWebPack", "SignalRWebPack\SignalRWebPack.csproj", "{14B132A8-FBA9-40A3-B92C-65BB8409B993}"
EndProject
Global
	GlobalSection(SolutionConfigurationPlatforms) = preSolution
		Debug|Any CPU = Debug|Any CPU
		Release|Any CPU = Release|Any CPU
	EndGlobalSection
	GlobalSection(ProjectConfigurationPlatforms) = postSolution
		{14B132A8-FBA9-40A3-B92C-65BB8409B993}.Debug|Any CPU.ActiveCfg = Debug|Any CPU
		{14B132A8-FBA9-40A3-B92C-65BB8409B993}.Debug|Any CPU.Build.0 = Debug|Any CPU
		{14B132A8-FBA9-40A3-B92C-65BB8409B993}.Release|Any CPU.ActiveCfg = Release|Any CPU
		{14B132A8-FBA9-40A3-B92C-65BB8409B993}.Release|Any CPU.Build.0 = Release|Any CPU
	EndGlobalSection
	GlobalSection(SolutionProperties) = preSolution
		HideSolutionNode = FALSE
	EndGlobalSection
	GlobalSection(ExtensibilityGlobals) = postSolution
		SolutionGuid = {BCA31AE4-B98D-40DB-878B-C418914E49E0}
	EndGlobalSection
EndGlobal
